{
  "lockfileVersion": 1,
  "workspaces": {
    "": {
      "dependencies": {
        "xior": "^0.7.8",
      },
    },
  },
  "packages": {
    "tiny-lru": ["tiny-lru@11.4.5", "", {}, "sha512-hkcz3FjNJfKXjV4mjQ1OrXSLAehg8Hw+cEZclOVT+5c/cWQWImQ9wolzTjth+dmmDe++p3bme3fTxz6Q4Etsqw=="],

    "xior": ["xior@0.7.8", "", { "dependencies": { "tiny-lru": "^11.2.11" } }, "sha512-NQt5qZmQi7GXuJ+M8KImxGOIPBl+CqoSVo2P8K4qzBQfYIQQmnaPDbxegjNzWAucOAgsGBQlR6FHZPINJXWD1g=="],
  }
}
